// !$*UTF8*$!
{
	archiveVersion = 1;
	classes = {
	};
	objectVersion = 46;
	objects = {

/* Begin PBXBuildFile section */
		0D121316181A25A400AB1C92 /* TokoShosaiViewController.m in Sources */ = {isa = PBXBuildFile; fileRef = 0D121315181A25A400AB1C92 /* TokoShosaiViewController.m */; };
		0D121319181A559C00AB1C92 /* RecordingViewController.m in Sources */ = {isa = PBXBuildFile; fileRef = 0D121318181A559C00AB1C92 /* RecordingViewController.m */; };
		0D72F14E181D71B5004CEA03 /* CompleteRecordingViewController.m in Sources */ = {isa = PBXBuildFile; fileRef = 0D72F14D181D71B5004CEA03 /* CompleteRecordingViewController.m */; };
		0D72F151181D7702004CEA03 /* AddTokoViewController.m in Sources */ = {isa = PBXBuildFile; fileRef = 0D72F150181D7702004CEA03 /* AddTokoViewController.m */; };
		0DD4350D180FA9EF001DF5A1 /* TokoViewController.m in Sources */ = {isa = PBXBuildFile; fileRef = 0DD4350C180FA9EF001DF5A1 /* TokoViewController.m */; };
		0DD435101810F480001DF5A1 /* UIToggleView.m in Sources */ = {isa = PBXBuildFile; fileRef = 0DD4350F1810F480001DF5A1 /* UIToggleView.m */; };
		0DD43513181163B3001DF5A1 /* UIToggleButton.m in Sources */ = {isa = PBXBuildFile; fileRef = 0DD43512181163B3001DF5A1 /* UIToggleButton.m */; };
		0DDBE553181FBDCD00E5FAB7 /* CompleteAddTokoViewController.m in Sources */ = {isa = PBXBuildFile; fileRef = 0DDBE552181FBDCD00E5FAB7 /* CompleteAddTokoViewController.m */; };
		0DE813E918261EB60088CDF4 /* SeiyuViewController.m in Sources */ = {isa = PBXBuildFile; fileRef = 0DE813E818261EB60088CDF4 /* SeiyuViewController.m */; };
		0DE813EC182630D90088CDF4 /* SeiyuShosaiViewController.m in Sources */ = {isa = PBXBuildFile; fileRef = 0DE813EB182630D90088CDF4 /* SeiyuShosaiViewController.m */; };
		310B78BD1819451100BE54F3 /* RetrieveJson.m in Sources */ = {isa = PBXBuildFile; fileRef = 310B78BC1819451100BE54F3 /* RetrieveJson.m */; };
		310B78BF181A7B0600BE54F3 /* AVFoundation.framework in Frameworks */ = {isa = PBXBuildFile; fileRef = 310B78BE181A7B0600BE54F3 /* AVFoundation.framework */; };
		31859E36182257F700DDDBC1 /* RetrieveCookie.m in Sources */ = {isa = PBXBuildFile; fileRef = 31859E35182257F700DDDBC1 /* RetrieveCookie.m */; };
		319824141806A73400796825 /* Foundation.framework in Frameworks */ = {isa = PBXBuildFile; fileRef = 319824131806A73400796825 /* Foundation.framework */; };
		319824161806A73400796825 /* CoreGraphics.framework in Frameworks */ = {isa = PBXBuildFile; fileRef = 319824151806A73400796825 /* CoreGraphics.framework */; };
		319824181806A73400796825 /* UIKit.framework in Frameworks */ = {isa = PBXBuildFile; fileRef = 319824171806A73400796825 /* UIKit.framework */; };
		3198241E1806A73400796825 /* InfoPlist.strings in Resources */ = {isa = PBXBuildFile; fileRef = 3198241C1806A73400796825 /* InfoPlist.strings */; };
		319824201806A73400796825 /* main.m in Sources */ = {isa = PBXBuildFile; fileRef = 3198241F1806A73400796825 /* main.m */; };
		319824241806A73400796825 /* AppDelegate.m in Sources */ = {isa = PBXBuildFile; fileRef = 319824231806A73400796825 /* AppDelegate.m */; };
		319824271806A73400796825 /* Main.storyboard in Resources */ = {isa = PBXBuildFile; fileRef = 319824251806A73400796825 /* Main.storyboard */; };
		3198242F1806A73400796825 /* Images.xcassets in Resources */ = {isa = PBXBuildFile; fileRef = 3198242E1806A73400796825 /* Images.xcassets */; };
		319824361806A73400796825 /* XCTest.framework in Frameworks */ = {isa = PBXBuildFile; fileRef = 319824351806A73400796825 /* XCTest.framework */; };
		319824371806A73400796825 /* Foundation.framework in Frameworks */ = {isa = PBXBuildFile; fileRef = 319824131806A73400796825 /* Foundation.framework */; };
		319824381806A73400796825 /* UIKit.framework in Frameworks */ = {isa = PBXBuildFile; fileRef = 319824171806A73400796825 /* UIKit.framework */; };
		319824401806A73400796825 /* InfoPlist.strings in Resources */ = {isa = PBXBuildFile; fileRef = 3198243E1806A73400796825 /* InfoPlist.strings */; };
		319824421806A73400796825 /* socialrecordingTests.m in Sources */ = {isa = PBXBuildFile; fileRef = 319824411806A73400796825 /* socialrecordingTests.m */; };
/* End PBXBuildFile section */

/* Begin PBXContainerItemProxy section */
		319824391806A73400796825 /* PBXContainerItemProxy */ = {
			isa = PBXContainerItemProxy;
			containerPortal = 319824081806A73400796825 /* Project object */;
			proxyType = 1;
			remoteGlobalIDString = 3198240F1806A73400796825;
			remoteInfo = socialrecording;
		};
/* End PBXContainerItemProxy section */

/* Begin PBXFileReference section */
		0D121314181A25A400AB1C92 /* TokoShosaiViewController.h */ = {isa = PBXFileReference; fileEncoding = 4; lastKnownFileType = sourcecode.c.h; path = TokoShosaiViewController.h; sourceTree = "<group>"; };
		0D121315181A25A400AB1C92 /* TokoShosaiViewController.m */ = {isa = PBXFileReference; fileEncoding = 4; lastKnownFileType = sourcecode.c.objc; path = TokoShosaiViewController.m; sourceTree = "<group>"; };
		0D121317181A559C00AB1C92 /* RecordingViewController.h */ = {isa = PBXFileReference; fileEncoding = 4; lastKnownFileType = sourcecode.c.h; path = RecordingViewController.h; sourceTree = "<group>"; };
		0D121318181A559C00AB1C92 /* RecordingViewController.m */ = {isa = PBXFileReference; fileEncoding = 4; lastKnownFileType = sourcecode.c.objc; path = RecordingViewController.m; sourceTree = "<group>"; };
		0D72F14C181D71B5004CEA03 /* CompleteRecordingViewController.h */ = {isa = PBXFileReference; fileEncoding = 4; lastKnownFileType = sourcecode.c.h; path = CompleteRecordingViewController.h; sourceTree = "<group>"; };
		0D72F14D181D71B5004CEA03 /* CompleteRecordingViewController.m */ = {isa = PBXFileReference; fileEncoding = 4; lastKnownFileType = sourcecode.c.objc; path = CompleteRecordingViewController.m; sourceTree = "<group>"; };
		0D72F14F181D7702004CEA03 /* AddTokoViewController.h */ = {isa = PBXFileReference; fileEncoding = 4; lastKnownFileType = sourcecode.c.h; path = AddTokoViewController.h; sourceTree = "<group>"; };
		0D72F150181D7702004CEA03 /* AddTokoViewController.m */ = {isa = PBXFileReference; fileEncoding = 4; lastKnownFileType = sourcecode.c.objc; path = AddTokoViewController.m; sourceTree = "<group>"; };
		0DD4350B180FA9EF001DF5A1 /* TokoViewController.h */ = {isa = PBXFileReference; fileEncoding = 4; lastKnownFileType = sourcecode.c.h; path = TokoViewController.h; sourceTree = "<group>"; };
		0DD4350C180FA9EF001DF5A1 /* TokoViewController.m */ = {isa = PBXFileReference; fileEncoding = 4; lastKnownFileType = sourcecode.c.objc; path = TokoViewController.m; sourceTree = "<group>"; };
		0DD4350E1810F480001DF5A1 /* UIToggleView.h */ = {isa = PBXFileReference; fileEncoding = 4; lastKnownFileType = sourcecode.c.h; path = UIToggleView.h; sourceTree = "<group>"; };
		0DD4350F1810F480001DF5A1 /* UIToggleView.m */ = {isa = PBXFileReference; fileEncoding = 4; lastKnownFileType = sourcecode.c.objc; path = UIToggleView.m; sourceTree = "<group>"; };
		0DD43511181163B3001DF5A1 /* UIToggleButton.h */ = {isa = PBXFileReference; fileEncoding = 4; lastKnownFileType = sourcecode.c.h; path = UIToggleButton.h; sourceTree = "<group>"; };
		0DD43512181163B3001DF5A1 /* UIToggleButton.m */ = {isa = PBXFileReference; fileEncoding = 4; lastKnownFileType = sourcecode.c.objc; path = UIToggleButton.m; sourceTree = "<group>"; };
		0DDBE551181FBDCD00E5FAB7 /* CompleteAddTokoViewController.h */ = {isa = PBXFileReference; fileEncoding = 4; lastKnownFileType = sourcecode.c.h; path = CompleteAddTokoViewController.h; sourceTree = "<group>"; };
		0DDBE552181FBDCD00E5FAB7 /* CompleteAddTokoViewController.m */ = {isa = PBXFileReference; fileEncoding = 4; lastKnownFileType = sourcecode.c.objc; path = CompleteAddTokoViewController.m; sourceTree = "<group>"; };
		0DE813E718261EB60088CDF4 /* SeiyuViewController.h */ = {isa = PBXFileReference; fileEncoding = 4; lastKnownFileType = sourcecode.c.h; path = SeiyuViewController.h; sourceTree = "<group>"; };
		0DE813E818261EB60088CDF4 /* SeiyuViewController.m */ = {isa = PBXFileReference; fileEncoding = 4; lastKnownFileType = sourcecode.c.objc; path = SeiyuViewController.m; sourceTree = "<group>"; };
		0DE813EA182630D90088CDF4 /* SeiyuShosaiViewController.h */ = {isa = PBXFileReference; fileEncoding = 4; lastKnownFileType = sourcecode.c.h; path = SeiyuShosaiViewController.h; sourceTree = "<group>"; };
		0DE813EB182630D90088CDF4 /* SeiyuShosaiViewController.m */ = {isa = PBXFileReference; fileEncoding = 4; lastKnownFileType = sourcecode.c.objc; path = SeiyuShosaiViewController.m; sourceTree = "<group>"; };
		310B78BB1819451100BE54F3 /* RetrieveJson.h */ = {isa = PBXFileReference; fileEncoding = 4; lastKnownFileType = sourcecode.c.h; path = RetrieveJson.h; sourceTree = "<group>"; };
		310B78BC1819451100BE54F3 /* RetrieveJson.m */ = {isa = PBXFileReference; fileEncoding = 4; lastKnownFileType = sourcecode.c.objc; path = RetrieveJson.m; sourceTree = "<group>"; };
		310B78BE181A7B0600BE54F3 /* AVFoundation.framework */ = {isa = PBXFileReference; lastKnownFileType = wrapper.framework; name = AVFoundation.framework; path = System/Library/Frameworks/AVFoundation.framework; sourceTree = SDKROOT; };
		31859E34182257F700DDDBC1 /* RetrieveCookie.h */ = {isa = PBXFileReference; fileEncoding = 4; lastKnownFileType = sourcecode.c.h; path = RetrieveCookie.h; sourceTree = "<group>"; };
		31859E35182257F700DDDBC1 /* RetrieveCookie.m */ = {isa = PBXFileReference; fileEncoding = 4; lastKnownFileType = sourcecode.c.objc; path = RetrieveCookie.m; sourceTree = "<group>"; };
		319824101806A73400796825 /* socialrecording.app */ = {isa = PBXFileReference; explicitFileType = wrapper.application; includeInIndex = 0; path = socialrecording.app; sourceTree = BUILT_PRODUCTS_DIR; };
		319824131806A73400796825 /* Foundation.framework */ = {isa = PBXFileReference; lastKnownFileType = wrapper.framework; name = Foundation.framework; path = System/Library/Frameworks/Foundation.framework; sourceTree = SDKROOT; };
		319824151806A73400796825 /* CoreGraphics.framework */ = {isa = PBXFileReference; lastKnownFileType = wrapper.framework; name = CoreGraphics.framework; path = System/Library/Frameworks/CoreGraphics.framework; sourceTree = SDKROOT; };
		319824171806A73400796825 /* UIKit.framework */ = {isa = PBXFileReference; lastKnownFileType = wrapper.framework; name = UIKit.framework; path = System/Library/Frameworks/UIKit.framework; sourceTree = SDKROOT; };
		3198241B1806A73400796825 /* socialrecording-Info.plist */ = {isa = PBXFileReference; lastKnownFileType = text.plist.xml; path = "socialrecording-Info.plist"; sourceTree = "<group>"; };
		3198241D1806A73400796825 /* en */ = {isa = PBXFileReference; lastKnownFileType = text.plist.strings; name = en; path = en.lproj/InfoPlist.strings; sourceTree = "<group>"; };
		3198241F1806A73400796825 /* main.m */ = {isa = PBXFileReference; lastKnownFileType = sourcecode.c.objc; path = main.m; sourceTree = "<group>"; };
		319824211806A73400796825 /* socialrecording-Prefix.pch */ = {isa = PBXFileReference; lastKnownFileType = sourcecode.c.h; path = "socialrecording-Prefix.pch"; sourceTree = "<group>"; };
		319824221806A73400796825 /* AppDelegate.h */ = {isa = PBXFileReference; lastKnownFileType = sourcecode.c.h; path = AppDelegate.h; sourceTree = "<group>"; };
		319824231806A73400796825 /* AppDelegate.m */ = {isa = PBXFileReference; lastKnownFileType = sourcecode.c.objc; path = AppDelegate.m; sourceTree = "<group>"; };
		319824261806A73400796825 /* Base */ = {isa = PBXFileReference; lastKnownFileType = file.storyboard; name = Base; path = Base.lproj/Main.storyboard; sourceTree = "<group>"; };
		3198242E1806A73400796825 /* Images.xcassets */ = {isa = PBXFileReference; lastKnownFileType = folder.assetcatalog; path = Images.xcassets; sourceTree = "<group>"; };
		319824341806A73400796825 /* socialrecordingTests.xctest */ = {isa = PBXFileReference; explicitFileType = wrapper.cfbundle; includeInIndex = 0; path = socialrecordingTests.xctest; sourceTree = BUILT_PRODUCTS_DIR; };
		319824351806A73400796825 /* XCTest.framework */ = {isa = PBXFileReference; lastKnownFileType = wrapper.framework; name = XCTest.framework; path = Library/Frameworks/XCTest.framework; sourceTree = DEVELOPER_DIR; };
		3198243D1806A73400796825 /* socialrecordingTests-Info.plist */ = {isa = PBXFileReference; lastKnownFileType = text.plist.xml; path = "socialrecordingTests-Info.plist"; sourceTree = "<group>"; };
		3198243F1806A73400796825 /* en */ = {isa = PBXFileReference; lastKnownFileType = text.plist.strings; name = en; path = en.lproj/InfoPlist.strings; sourceTree = "<group>"; };
		319824411806A73400796825 /* socialrecordingTests.m */ = {isa = PBXFileReference; lastKnownFileType = sourcecode.c.objc; path = socialrecordingTests.m; sourceTree = "<group>"; };
/* End PBXFileReference section */

/* Begin PBXFrameworksBuildPhase section */
		3198240D1806A73400796825 /* Frameworks */ = {
			isa = PBXFrameworksBuildPhase;
			buildActionMask = 2147483647;
			files = (
				310B78BF181A7B0600BE54F3 /* AVFoundation.framework in Frameworks */,
				319824161806A73400796825 /* CoreGraphics.framework in Frameworks */,
				319824181806A73400796825 /* UIKit.framework in Frameworks */,
				319824141806A73400796825 /* Foundation.framework in Frameworks */,
			);
			runOnlyForDeploymentPostprocessing = 0;
		};
		319824311806A73400796825 /* Frameworks */ = {
			isa = PBXFrameworksBuildPhase;
			buildActionMask = 2147483647;
			files = (
				319824361806A73400796825 /* XCTest.framework in Frameworks */,
				319824381806A73400796825 /* UIKit.framework in Frameworks */,
				319824371806A73400796825 /* Foundation.framework in Frameworks */,
			);
			runOnlyForDeploymentPostprocessing = 0;
		};
/* End PBXFrameworksBuildPhase section */

/* Begin PBXGroup section */
		319824071806A73400796825 = {
			isa = PBXGroup;
			children = (
				319824191806A73400796825 /* socialrecording */,
				3198243B1806A73400796825 /* socialrecordingTests */,
				319824121806A73400796825 /* Frameworks */,
				319824111806A73400796825 /* Products */,
			);
			sourceTree = "<group>";
		};
		319824111806A73400796825 /* Products */ = {
			isa = PBXGroup;
			children = (
				319824101806A73400796825 /* socialrecording.app */,
				319824341806A73400796825 /* socialrecordingTests.xctest */,
			);
			name = Products;
			sourceTree = "<group>";
		};
		319824121806A73400796825 /* Frameworks */ = {
			isa = PBXGroup;
			children = (
				310B78BE181A7B0600BE54F3 /* AVFoundation.framework */,
				319824131806A73400796825 /* Foundation.framework */,
				319824151806A73400796825 /* CoreGraphics.framework */,
				319824171806A73400796825 /* UIKit.framework */,
				319824351806A73400796825 /* XCTest.framework */,
			);
			name = Frameworks;
			sourceTree = "<group>";
		};
		319824191806A73400796825 /* socialrecording */ = {
			isa = PBXGroup;
			children = (
				0DD4350B180FA9EF001DF5A1 /* TokoViewController.h */,
				0DD4350C180FA9EF001DF5A1 /* TokoViewController.m */,
				0D121314181A25A400AB1C92 /* TokoShosaiViewController.h */,
				0D121315181A25A400AB1C92 /* TokoShosaiViewController.m */,
				0D121317181A559C00AB1C92 /* RecordingViewController.h */,
				0D121318181A559C00AB1C92 /* RecordingViewController.m */,
				0D72F14C181D71B5004CEA03 /* CompleteRecordingViewController.h */,
				0D72F14D181D71B5004CEA03 /* CompleteRecordingViewController.m */,
				0DE813E718261EB60088CDF4 /* SeiyuViewController.h */,
				0DE813E818261EB60088CDF4 /* SeiyuViewController.m */,
				0DE813EA182630D90088CDF4 /* SeiyuShosaiViewController.h */,
				0DE813EB182630D90088CDF4 /* SeiyuShosaiViewController.m */,
				0D72F14F181D7702004CEA03 /* AddTokoViewController.h */,
				0D72F150181D7702004CEA03 /* AddTokoViewController.m */,
				0DDBE551181FBDCD00E5FAB7 /* CompleteAddTokoViewController.h */,
				0DDBE552181FBDCD00E5FAB7 /* CompleteAddTokoViewController.m */,
				319824251806A73400796825 /* Main.storyboard */,
				310B78BB1819451100BE54F3 /* RetrieveJson.h */,
				310B78BC1819451100BE54F3 /* RetrieveJson.m */,
				319824221806A73400796825 /* AppDelegate.h */,
				319824231806A73400796825 /* AppDelegate.m */,
				3198242E1806A73400796825 /* Images.xcassets */,
				3198241A1806A73400796825 /* Supporting Files */,
				0DD4350E1810F480001DF5A1 /* UIToggleView.h */,
				0DD4350F1810F480001DF5A1 /* UIToggleView.m */,
				0DD43511181163B3001DF5A1 /* UIToggleButton.h */,
				0DD43512181163B3001DF5A1 /* UIToggleButton.m */,
				31859E34182257F700DDDBC1 /* RetrieveCookie.h */,
				31859E35182257F700DDDBC1 /* RetrieveCookie.m */,
			);
			path = socialrecording;
			sourceTree = "<group>";
		};
		3198241A1806A73400796825 /* Supporting Files */ = {
			isa = PBXGroup;
			children = (
				3198241B1806A73400796825 /* socialrecording-Info.plist */,
				3198241C1806A73400796825 /* InfoPlist.strings */,
				3198241F1806A73400796825 /* main.m */,
				319824211806A73400796825 /* socialrecording-Prefix.pch */,
			);
			name = "Supporting Files";
			sourceTree = "<group>";
		};
		3198243B1806A73400796825 /* socialrecordingTests */ = {
			isa = PBXGroup;
			children = (
				319824411806A73400796825 /* socialrecordingTests.m */,
				3198243C1806A73400796825 /* Supporting Files */,
			);
			path = socialrecordingTests;
			sourceTree = "<group>";
		};
		3198243C1806A73400796825 /* Supporting Files */ = {
			isa = PBXGroup;
			children = (
				3198243D1806A73400796825 /* socialrecordingTests-Info.plist */,
				3198243E1806A73400796825 /* InfoPlist.strings */,
			);
			name = "Supporting Files";
			sourceTree = "<group>";
		};
/* End PBXGroup section */

/* Begin PBXNativeTarget section */
		3198240F1806A73400796825 /* socialrecording */ = {
			isa = PBXNativeTarget;
			buildConfigurationList = 319824451806A73400796825 /* Build configuration list for PBXNativeTarget "socialrecording" */;
			buildPhases = (
				3198240C1806A73400796825 /* Sources */,
				3198240D1806A73400796825 /* Frameworks */,
				3198240E1806A73400796825 /* Resources */,
			);
			buildRules = (
			);
			dependencies = (
			);
			name = socialrecording;
			productName = socialrecording;
			productReference = 319824101806A73400796825 /* socialrecording.app */;
			productType = "com.apple.product-type.application";
		};
		319824331806A73400796825 /* socialrecordingTests */ = {
			isa = PBXNativeTarget;
			buildConfigurationList = 319824481806A73400796825 /* Build configuration list for PBXNativeTarget "socialrecordingTests" */;
			buildPhases = (
				319824301806A73400796825 /* Sources */,
				319824311806A73400796825 /* Frameworks */,
				319824321806A73400796825 /* Resources */,
			);
			buildRules = (
			);
			dependencies = (
				3198243A1806A73400796825 /* PBXTargetDependency */,
			);
			name = socialrecordingTests;
			productName = socialrecordingTests;
			productReference = 319824341806A73400796825 /* socialrecordingTests.xctest */;
			productType = "com.apple.product-type.bundle.unit-test";
		};
/* End PBXNativeTarget section */

/* Begin PBXProject section */
		319824081806A73400796825 /* Project object */ = {
			isa = PBXProject;
			attributes = {
				LastUpgradeCheck = 0500;
				ORGANIZATIONNAME = taku;
				TargetAttributes = {
					3198240F1806A73400796825 = {
						DevelopmentTeam = 7227T2USU9;
					};
					319824331806A73400796825 = {
						TestTargetID = 3198240F1806A73400796825;
					};
				};
			};
			buildConfigurationList = 3198240B1806A73400796825 /* Build configuration list for PBXProject "socialrecording" */;
			compatibilityVersion = "Xcode 3.2";
			developmentRegion = English;
			hasScannedForEncodings = 0;
			knownRegions = (
				en,
				Base,
			);
			mainGroup = 319824071806A73400796825;
			productRefGroup = 319824111806A73400796825 /* Products */;
			projectDirPath = "";
			projectRoot = "";
			targets = (
				3198240F1806A73400796825 /* socialrecording */,
				319824331806A73400796825 /* socialrecordingTests */,
			);
		};
/* End PBXProject section */

/* Begin PBXResourcesBuildPhase section */
		3198240E1806A73400796825 /* Resources */ = {
			isa = PBXResourcesBuildPhase;
			buildActionMask = 2147483647;
			files = (
				3198242F1806A73400796825 /* Images.xcassets in Resources */,
				3198241E1806A73400796825 /* InfoPlist.strings in Resources */,
				319824271806A73400796825 /* Main.storyboard in Resources */,
			);
			runOnlyForDeploymentPostprocessing = 0;
		};
		319824321806A73400796825 /* Resources */ = {
			isa = PBXResourcesBuildPhase;
			buildActionMask = 2147483647;
			files = (
				319824401806A73400796825 /* InfoPlist.strings in Resources */,
			);
			runOnlyForDeploymentPostprocessing = 0;
		};
/* End PBXResourcesBuildPhase section */

/* Begin PBXSourcesBuildPhase section */
		3198240C1806A73400796825 /* Sources */ = {
			isa = PBXSourcesBuildPhase;
			buildActionMask = 2147483647;
			files = (
				0D121319181A559C00AB1C92 /* RecordingViewController.m in Sources */,
				0D72F151181D7702004CEA03 /* AddTokoViewController.m in Sources */,
				319824241806A73400796825 /* AppDelegate.m in Sources */,
				310B78BD1819451100BE54F3 /* RetrieveJson.m in Sources */,
				0D72F14E181D71B5004CEA03 /* CompleteRecordingViewController.m in Sources */,
				0DD435101810F480001DF5A1 /* UIToggleView.m in Sources */,
				0DD4350D180FA9EF001DF5A1 /* TokoViewController.m in Sources */,
				0DE813EC182630D90088CDF4 /* SeiyuShosaiViewController.m in Sources */,
				319824201806A73400796825 /* main.m in Sources */,
				0D121316181A25A400AB1C92 /* TokoShosaiViewController.m in Sources */,
				0DDBE553181FBDCD00E5FAB7 /* CompleteAddTokoViewController.m in Sources */,
				0DD43513181163B3001DF5A1 /* UIToggleButton.m in Sources */,
				0DE813E918261EB60088CDF4 /* SeiyuViewController.m in Sources */,
				31859E36182257F700DDDBC1 /* RetrieveCookie.m in Sources */,
			);
			runOnlyForDeploymentPostprocessing = 0;
		};
		319824301806A73400796825 /* Sources */ = {
			isa = PBXSourcesBuildPhase;
			buildActionMask = 2147483647;
			files = (
				319824421806A73400796825 /* socialrecordingTests.m in Sources */,
			);
			runOnlyForDeploymentPostprocessing = 0;
		};
/* End PBXSourcesBuildPhase section */

/* Begin PBXTargetDependency section */
		3198243A1806A73400796825 /* PBXTargetDependency */ = {
			isa = PBXTargetDependency;
			target = 3198240F1806A73400796825 /* socialrecording */;
			targetProxy = 319824391806A73400796825 /* PBXContainerItemProxy */;
		};
/* End PBXTargetDependency section */

/* Begin PBXVariantGroup section */
		3198241C1806A73400796825 /* InfoPlist.strings */ = {
			isa = PBXVariantGroup;
			children = (
				3198241D1806A73400796825 /* en */,
			);
			name = InfoPlist.strings;
			sourceTree = "<group>";
		};
		319824251806A73400796825 /* Main.storyboard */ = {
			isa = PBXVariantGroup;
			children = (
				319824261806A73400796825 /* Base */,
			);
			name = Main.storyboard;
			sourceTree = "<group>";
		};
		3198243E1806A73400796825 /* InfoPlist.strings */ = {
			isa = PBXVariantGroup;
			children = (
				3198243F1806A73400796825 /* en */,
			);
			name = InfoPlist.strings;
			sourceTree = "<group>";
		};
/* End PBXVariantGroup section */

/* Begin XCBuildConfiguration section */
		319824431806A73400796825 /* Debug */ = {
			isa = XCBuildConfiguration;
			buildSettings = {
				ALWAYS_SEARCH_USER_PATHS = NO;
				CLANG_CXX_LANGUAGE_STANDARD = "gnu++0x";
				CLANG_CXX_LIBRARY = "libc++";
				CLANG_ENABLE_MODULES = YES;
				CLANG_ENABLE_OBJC_ARC = YES;
				CLANG_WARN_BOOL_CONVERSION = YES;
				CLANG_WARN_CONSTANT_CONVERSION = YES;
				CLANG_WARN_DIRECT_OBJC_ISA_USAGE = YES_ERROR;
				CLANG_WARN_EMPTY_BODY = YES;
				CLANG_WARN_ENUM_CONVERSION = YES;
				CLANG_WARN_INT_CONVERSION = YES;
				CLANG_WARN_OBJC_ROOT_CLASS = YES_ERROR;
				CLANG_WARN__DUPLICATE_METHOD_MATCH = YES;
				"CODE_SIGN_IDENTITY[sdk=iphoneos*]" = "iPhone Developer";
				COPY_PHASE_STRIP = NO;
				GCC_C_LANGUAGE_STANDARD = gnu99;
				GCC_DYNAMIC_NO_PIC = NO;
				GCC_OPTIMIZATION_LEVEL = 0;
				GCC_PREPROCESSOR_DEFINITIONS = (
					"DEBUG=1",
					"$(inherited)",
				);
				GCC_SYMBOLS_PRIVATE_EXTERN = NO;
				GCC_WARN_64_TO_32_BIT_CONVERSION = YES;
				GCC_WARN_ABOUT_RETURN_TYPE = YES_ERROR;
				GCC_WARN_UNDECLARED_SELECTOR = YES;
				GCC_WARN_UNINITIALIZED_AUTOS = YES;
				GCC_WARN_UNUSED_FUNCTION = YES;
				GCC_WARN_UNUSED_VARIABLE = YES;
				IPHONEOS_DEPLOYMENT_TARGET = 6.0;
				MACOSX_DEPLOYMENT_TARGET = 10.6;
				ONLY_ACTIVE_ARCH = YES;
				SDKROOT = iphoneos;
			};
			name = Debug;
		};
		319824441806A73400796825 /* Release */ = {
			isa = XCBuildConfiguration;
			buildSettings = {
				ALWAYS_SEARCH_USER_PATHS = NO;
				CLANG_CXX_LANGUAGE_STANDARD = "gnu++0x";
				CLANG_CXX_LIBRARY = "libc++";
				CLANG_ENABLE_MODULES = YES;
				CLANG_ENABLE_OBJC_ARC = YES;
				CLANG_WARN_BOOL_CONVERSION = YES;
				CLANG_WARN_CONSTANT_CONVERSION = YES;
				CLANG_WARN_DIRECT_OBJC_ISA_USAGE = YES_ERROR;
				CLANG_WARN_EMPTY_BODY = YES;
				CLANG_WARN_ENUM_CONVERSION = YES;
				CLANG_WARN_INT_CONVERSION = YES;
				CLANG_WARN_OBJC_ROOT_CLASS = YES_ERROR;
				CLANG_WARN__DUPLICATE_METHOD_MATCH = YES;
				"CODE_SIGN_IDENTITY[sdk=iphoneos*]" = "iPhone Developer";
				COPY_PHASE_STRIP = YES;
				ENABLE_NS_ASSERTIONS = NO;
				GCC_C_LANGUAGE_STANDARD = gnu99;
				GCC_WARN_64_TO_32_BIT_CONVERSION = YES;
				GCC_WARN_ABOUT_RETURN_TYPE = YES_ERROR;
				GCC_WARN_UNDECLARED_SELECTOR = YES;
				GCC_WARN_UNINITIALIZED_AUTOS = YES;
				GCC_WARN_UNUSED_FUNCTION = YES;
				GCC_WARN_UNUSED_VARIABLE = YES;
				IPHONEOS_DEPLOYMENT_TARGET = 6.0;
				MACOSX_DEPLOYMENT_TARGET = 10.6;
				SDKROOT = iphoneos;
				VALIDATE_PRODUCT = YES;
			};
			name = Release;
		};
		319824461806A73400796825 /* Debug */ = {
			isa = XCBuildConfiguration;
			buildSettings = {
				ASSETCATALOG_COMPILER_APPICON_NAME = AppIcon;
				ASSETCATALOG_COMPILER_LAUNCHIMAGE_NAME = LaunchImage;
				CODE_SIGN_IDENTITY = "iPhone Developer";
				"CODE_SIGN_IDENTITY[sdk=iphoneos*]" = "iPhone Developer";
				GCC_PRECOMPILE_PREFIX_HEADER = YES;
				GCC_PREFIX_HEADER = "socialrecording/socialrecording-Prefix.pch";
				INFOPLIST_FILE = "socialrecording/socialrecording-Info.plist";
				PRODUCT_NAME = "$(TARGET_NAME)";
				PROVISIONING_PROFILE = "";
				WRAPPER_EXTENSION = app;
			};
			name = Debug;
		};
		319824471806A73400796825 /* Release */ = {
			isa = XCBuildConfiguration;
			buildSettings = {
				ASSETCATALOG_COMPILER_APPICON_NAME = AppIcon;
				ASSETCATALOG_COMPILER_LAUNCHIMAGE_NAME = LaunchImage;
				CODE_SIGN_IDENTITY = "iPhone Developer";
				"CODE_SIGN_IDENTITY[sdk=iphoneos*]" = "iPhone Developer";
				GCC_PRECOMPILE_PREFIX_HEADER = YES;
				GCC_PREFIX_HEADER = "socialrecording/socialrecording-Prefix.pch";
				INFOPLIST_FILE = "socialrecording/socialrecording-Info.plist";
				PRODUCT_NAME = "$(TARGET_NAME)";
				PROVISIONING_PROFILE = "";
				WRAPPER_EXTENSION = app;
			};
			name = Release;
		};
		319824491806A73400796825 /* Debug */ = {
			isa = XCBuildConfiguration;
			buildSettings = {
				BUNDLE_LOADER = "$(BUILT_PRODUCTS_DIR)/socialrecording.app/socialrecording";
				FRAMEWORK_SEARCH_PATHS = (
					"$(SDKROOT)/Developer/Library/Frameworks",
					"$(inherited)",
					"$(DEVELOPER_FRAMEWORKS_DIR)",
				);
				GCC_PRECOMPILE_PREFIX_HEADER = YES;
				GCC_PREFIX_HEADER = "socialrecording/socialrecording-Prefix.pch";
				GCC_PREPROCESSOR_DEFINITIONS = (
					"DEBUG=1",
					"$(inherited)",
				);
				INFOPLIST_FILE = "socialrecordingTests/socialrecordingTests-Info.plist";
				PRODUCT_NAME = "$(TARGET_NAME)";
				TEST_HOST = "$(BUNDLE_LOADER)";
				WRAPPER_EXTENSION = xctest;
			};
			name = Debug;
		};
		3198244A1806A73400796825 /* Release */ = {
			isa = XCBuildConfiguration;
			buildSettings = {
				BUNDLE_LOADER = "$(BUILT_PRODUCTS_DIR)/socialrecording.app/socialrecording";
				FRAMEWORK_SEARCH_PATHS = (
					"$(SDKROOT)/Developer/Library/Frameworks",
					"$(inherited)",
					"$(DEVELOPER_FRAMEWORKS_DIR)",
				);
				GCC_PRECOMPILE_PREFIX_HEADER = YES;
				GCC_PREFIX_HEADER = "socialrecording/socialrecording-Prefix.pch";
				INFOPLIST_FILE = "socialrecordingTests/socialrecordingTests-Info.plist";
				PRODUCT_NAME = "$(TARGET_NAME)";
				TEST_HOST = "$(BUNDLE_LOADER)";
				WRAPPER_EXTENSION = xctest;
			};
			name = Release;
		};
/* End XCBuildConfiguration section */

/* Begin XCConfigurationList section */
		3198240B1806A73400796825 /* Build configuration list for PBXProject "socialrecording" */ = {
			isa = XCConfigurationList;
			buildConfigurations = (
				319824431806A73400796825 /* Debug */,
				319824441806A73400796825 /* Release */,
			);
			defaultConfigurationIsVisible = 0;
			defaultConfigurationName = Release;
		};
		319824451806A73400796825 /* Build configuration list for PBXNativeTarget "socialrecording" */ = {
			isa = XCConfigurationList;
			buildConfigurations = (
				319824461806A73400796825 /* Debug */,
				319824471806A73400796825 /* Release */,
			);
			defaultConfigurationIsVisible = 0;
			defaultConfigurationName = Release;
		};
		319824481806A73400796825 /* Build configuration list for PBXNativeTarget "socialrecordingTests" */ = {
			isa = XCConfigurationList;
			buildConfigurations = (
				319824491806A73400796825 /* Debug */,
				3198244A1806A73400796825 /* Release */,
			);
			defaultConfigurationIsVisible = 0;
			defaultConfigurationName = Release;
		};
/* End XCConfigurationList section */
	};
	rootObject = 319824081806A73400796825 /* Project object */;
}
